PODS:
  - Alamofire (5.5.0)
  - Differentiator (5.0.0)
  - Moya/Core (15.0.0):
    - Alamofire (~> 5.0)
  - Moya/RxSwift (15.0.0):
    - Moya/Core
    - RxSwift (~> 6.0)
  - RxAnimated (0.9.0):
    - RxAnimated/Core (= 0.9.0)
    - RxCocoa (~> 6.0)
    - RxSwift (~> 6.0)
  - RxAnimated/Core (0.9.0):
    - RxCocoa (~> 6.0)
    - RxSwift (~> 6.0)
  - RxCocoa (6.5.0):
    - RxRelay (= 6.5.0)
    - RxSwift (= 6.5.0)
  - RxDataSources (5.0.0):
    - Differentiator (~> 5.0)
    - RxCocoa (~> 6.0)
    - RxSwift (~> 6.0)
  - RxRelay (6.5.0):
    - RxSwift (= 6.5.0)
  - RxSwift (6.5.0)
  - SDWebImage (5.12.5):
    - SDWebImage/Core (= 5.12.5)
  - SDWebImage/Core (5.12.5)
  - SnapKit (5.6.0)
  - SwiftGen (6.5.1)
  - Swinject (2.8.1)
  - YouTubePlayer (0.7.2)

DEPENDENCIES:
  - Moya/RxSwift (~> 15.0)
  - RxAnimated
  - RxCocoa (= 6.5.0)
  - RxDataSources (~> 5.0)
  - RxSwift (= 6.5.0)
  - SDWebImage (~> 5.0)
  - SnapKit (~> 5.6.0)
  - SwiftGen (~> 6.0)
  - Swinject
  - YouTubePlayer

SPEC REPOS:
  trunk:
    - Alamofire
    - Differentiator
    - Moya
    - RxAnimated
    - RxCocoa
    - RxDataSources
    - RxRelay
    - RxSwift
    - SDWebImage
    - SnapKit
    - SwiftGen
    - Swinject
    - YouTubePlayer

SPEC CHECKSUMS:
  Alamofire: 1c4fb5369c3fe93d2857c780d8bbe09f06f97e7c
  Differentiator: e8497ceab83c1b10ca233716d547b9af21b9344d
  Moya: 138f0573e53411fb3dc17016add0b748dfbd78ee
  RxAnimated: e53fb66cafc0539faf881b734f7412a624527f0a
  RxCocoa: 94f817b71c07517321eb4f9ad299112ca8af743b
  RxDataSources: aa47cc1ed6c500fa0dfecac5c979b723542d79cf
  RxRelay: 1de1523e604c72b6c68feadedd1af3b1b4d0ecbd
  RxSwift: 5710a9e6b17f3c3d6e40d6e559b9fa1e813b2ef8
  SDWebImage: 0905f1b7760fc8ac4198cae0036600d67478751e
  SnapKit: e01d52ebb8ddbc333eefe2132acf85c8227d9c25
  SwiftGen: a6d22010845f08fe18fbdf3a07a8e380fd22e0ea
  Swinject: 97112918bd7e0785dc2df7036213f3c8cbba6586
  YouTubePlayer: 2b5f2830d8f9b2cde942083211291e382c9e6bd5

PODFILE CHECKSUM: 0165c1d7d450d7496f2862c7c88a28baa53b1757

COCOAPODS: 1.11.3
