// !$*UTF8*$!
{
	archiveVersion = 1;
	classes = {
	};
	objectVersion = 55;
	objects = {

/* Begin PBXBuildFile section */
		5BF0F2F3D20EA0FC05049BF3 /* Pods_YouTubeAPI.framework in Frameworks */ = {isa = PBXBuildFile; fileRef = 499B1296A476B58B4EF4ED99 /* Pods_YouTubeAPI.framework */; };
		FE1F31DF282C1241006F1360 /* UIFactory.swift in Sources */ = {isa = PBXBuildFile; fileRef = FE1F31DE282C1241006F1360 /* UIFactory.swift */; };
		FE1F31E1282C1A0C006F1360 /* MainView.swift in Sources */ = {isa = PBXBuildFile; fileRef = FE1F31E0282C1A0C006F1360 /* MainView.swift */; };
		FE1F31E3282C1D41006F1360 /* YouTubeMainViewAssembly.swift in Sources */ = {isa = PBXBuildFile; fileRef = FE1F31E2282C1D41006F1360 /* YouTubeMainViewAssembly.swift */; };
		FE491B05282B912100738677 /* SwinjectManager.swift in Sources */ = {isa = PBXBuildFile; fileRef = FE491B04282B912100738677 /* SwinjectManager.swift */; };
		FE491B08282B917100738677 /* YouTubeViewModelAssembly.swift in Sources */ = {isa = PBXBuildFile; fileRef = FE491B07282B917100738677 /* YouTubeViewModelAssembly.swift */; };
		FE491B0A282B91B300738677 /* YouTubeViewControllerAssembly.swift in Sources */ = {isa = PBXBuildFile; fileRef = FE491B09282B91B300738677 /* YouTubeViewControllerAssembly.swift */; };
		FE491B0D282B91EC00738677 /* YouTubeServiseAssembly.swift in Sources */ = {isa = PBXBuildFile; fileRef = FE491B0C282B91EC00738677 /* YouTubeServiseAssembly.swift */; };
		FE491B0F282BA53A00738677 /* PlaylistDataWrapper.swift in Sources */ = {isa = PBXBuildFile; fileRef = FE491B0E282BA53A00738677 /* PlaylistDataWrapper.swift */; };
		FE776C0A282D057F00F37DBF /* UIFont+CustomFonts.swift in Sources */ = {isa = PBXBuildFile; fileRef = FE776C09282D057F00F37DBF /* UIFont+CustomFonts.swift */; };
		FE877225282A830A006111CB /* AppDelegate.swift in Sources */ = {isa = PBXBuildFile; fileRef = FE877224282A830A006111CB /* AppDelegate.swift */; };
		FE877227282A830A006111CB /* SceneDelegate.swift in Sources */ = {isa = PBXBuildFile; fileRef = FE877226282A830A006111CB /* SceneDelegate.swift */; };
		FE877229282A830A006111CB /* YouTubeViewController.swift in Sources */ = {isa = PBXBuildFile; fileRef = FE877228282A830A006111CB /* YouTubeViewController.swift */; };
		FE87722E282A830D006111CB /* Assets.xcassets in Resources */ = {isa = PBXBuildFile; fileRef = FE87722D282A830D006111CB /* Assets.xcassets */; };
		FE877252282A9F10006111CB /* swiftgen.yml in Resources */ = {isa = PBXBuildFile; fileRef = FE87723F282A943B006111CB /* swiftgen.yml */; };
		FE877256282AA1B1006111CB /* strings.swift in Sources */ = {isa = PBXBuildFile; fileRef = FE877255282AA1B1006111CB /* strings.swift */; };
		FE87725B282AA382006111CB /* assets.swift in Sources */ = {isa = PBXBuildFile; fileRef = FE87725A282AA382006111CB /* assets.swift */; };
		FE87725D282AA4F6006111CB /* YouTubeAPI.swift in Sources */ = {isa = PBXBuildFile; fileRef = FE87725C282AA4F6006111CB /* YouTubeAPI.swift */; };
		FE8F2252282BD7A600177DA9 /* PlaylistItemsDataWrapper.swift in Sources */ = {isa = PBXBuildFile; fileRef = FE8F2251282BD7A600177DA9 /* PlaylistItemsDataWrapper.swift */; };
		FE8F2254282BE25B00177DA9 /* VideoDataWrapper.swift in Sources */ = {isa = PBXBuildFile; fileRef = FE8F2253282BE25B00177DA9 /* VideoDataWrapper.swift */; };
		FEA6DEF5282AAC3D00F67D61 /* YouTubeService.swift in Sources */ = {isa = PBXBuildFile; fileRef = FEA6DEF4282AAC3D00F67D61 /* YouTubeService.swift */; };
		FEA6DEFC282AAFE800F67D61 /* Localizable.strings in Resources */ = {isa = PBXBuildFile; fileRef = FEA6DEFA282AAFE800F67D61 /* Localizable.strings */; };
		FEA6DF02282AB06C00F67D61 /* LaunchScreen.storyboard in Resources */ = {isa = PBXBuildFile; fileRef = FEA6DF00282AB06C00F67D61 /* LaunchScreen.storyboard */; };
		FEA6DF07282AB2BE00F67D61 /* ChannelsDataWrapper.swift in Sources */ = {isa = PBXBuildFile; fileRef = FEA6DF06282AB2BE00F67D61 /* ChannelsDataWrapper.swift */; };
		FEA6DF0B282AB5B800F67D61 /* YouTubeViewModel.swift in Sources */ = {isa = PBXBuildFile; fileRef = FEA6DF0A282AB5B800F67D61 /* YouTubeViewModel.swift */; };
		FECBED43282C291200B57DDA /* SFProDisplay-Bold.ttf in Resources */ = {isa = PBXBuildFile; fileRef = FECBED3F282C291200B57DDA /* SFProDisplay-Bold.ttf */; };
		FECBED44282C291200B57DDA /* SFProText-Semibold.ttf in Resources */ = {isa = PBXBuildFile; fileRef = FECBED40282C291200B57DDA /* SFProText-Semibold.ttf */; };
		FECBED45282C291200B57DDA /* SFProText-Medium.ttf in Resources */ = {isa = PBXBuildFile; fileRef = FECBED41282C291200B57DDA /* SFProText-Medium.ttf */; };
		FECBED46282C291200B57DDA /* SFProText-Regular.ttf in Resources */ = {isa = PBXBuildFile; fileRef = FECBED42282C291200B57DDA /* SFProText-Regular.ttf */; };
		FECBED48282C2BA800B57DDA /* fonts.swift in Sources */ = {isa = PBXBuildFile; fileRef = FECBED47282C2BA800B57DDA /* fonts.swift */; };
		FECBED4A282C2E7100B57DDA /* YouTubeMainViewUIFactoryAssembly.swift in Sources */ = {isa = PBXBuildFile; fileRef = FECBED49282C2E7100B57DDA /* YouTubeMainViewUIFactoryAssembly.swift */; };
/* End PBXBuildFile section */

/* Begin PBXFileReference section */
		12F4350629388D1AA9B1801B /* Pods-YouTubeAPI.debug.xcconfig */ = {isa = PBXFileReference; includeInIndex = 1; lastKnownFileType = text.xcconfig; name = "Pods-YouTubeAPI.debug.xcconfig"; path = "Target Support Files/Pods-YouTubeAPI/Pods-YouTubeAPI.debug.xcconfig"; sourceTree = "<group>"; };
		499B1296A476B58B4EF4ED99 /* Pods_YouTubeAPI.framework */ = {isa = PBXFileReference; explicitFileType = wrapper.framework; includeInIndex = 0; path = Pods_YouTubeAPI.framework; sourceTree = BUILT_PRODUCTS_DIR; };
		695CF9646D690B596BB37388 /* Pods-YouTubeAPI.release.xcconfig */ = {isa = PBXFileReference; includeInIndex = 1; lastKnownFileType = text.xcconfig; name = "Pods-YouTubeAPI.release.xcconfig"; path = "Target Support Files/Pods-YouTubeAPI/Pods-YouTubeAPI.release.xcconfig"; sourceTree = "<group>"; };
		FE1F31DE282C1241006F1360 /* UIFactory.swift */ = {isa = PBXFileReference; lastKnownFileType = sourcecode.swift; path = UIFactory.swift; sourceTree = "<group>"; };
		FE1F31E0282C1A0C006F1360 /* MainView.swift */ = {isa = PBXFileReference; lastKnownFileType = sourcecode.swift; path = MainView.swift; sourceTree = "<group>"; };
		FE1F31E2282C1D41006F1360 /* YouTubeMainViewAssembly.swift */ = {isa = PBXFileReference; lastKnownFileType = sourcecode.swift; path = YouTubeMainViewAssembly.swift; sourceTree = "<group>"; };
		FE491B04282B912100738677 /* SwinjectManager.swift */ = {isa = PBXFileReference; lastKnownFileType = sourcecode.swift; path = SwinjectManager.swift; sourceTree = "<group>"; };
		FE491B07282B917100738677 /* YouTubeViewModelAssembly.swift */ = {isa = PBXFileReference; lastKnownFileType = sourcecode.swift; path = YouTubeViewModelAssembly.swift; sourceTree = "<group>"; };
		FE491B09282B91B300738677 /* YouTubeViewControllerAssembly.swift */ = {isa = PBXFileReference; lastKnownFileType = sourcecode.swift; path = YouTubeViewControllerAssembly.swift; sourceTree = "<group>"; };
		FE491B0C282B91EC00738677 /* YouTubeServiseAssembly.swift */ = {isa = PBXFileReference; lastKnownFileType = sourcecode.swift; path = YouTubeServiseAssembly.swift; sourceTree = "<group>"; };
		FE491B0E282BA53A00738677 /* PlaylistDataWrapper.swift */ = {isa = PBXFileReference; lastKnownFileType = sourcecode.swift; path = PlaylistDataWrapper.swift; sourceTree = "<group>"; };
		FE776C09282D057F00F37DBF /* UIFont+CustomFonts.swift */ = {isa = PBXFileReference; lastKnownFileType = sourcecode.swift; path = "UIFont+CustomFonts.swift"; sourceTree = "<group>"; };
		FE877221282A830A006111CB /* YouTubeAPI.app */ = {isa = PBXFileReference; explicitFileType = wrapper.application; includeInIndex = 0; path = YouTubeAPI.app; sourceTree = BUILT_PRODUCTS_DIR; };
		FE877224282A830A006111CB /* AppDelegate.swift */ = {isa = PBXFileReference; lastKnownFileType = sourcecode.swift; path = AppDelegate.swift; sourceTree = "<group>"; };
		FE877226282A830A006111CB /* SceneDelegate.swift */ = {isa = PBXFileReference; lastKnownFileType = sourcecode.swift; path = SceneDelegate.swift; sourceTree = "<group>"; };
		FE877228282A830A006111CB /* YouTubeViewController.swift */ = {isa = PBXFileReference; lastKnownFileType = sourcecode.swift; path = YouTubeViewController.swift; sourceTree = "<group>"; };
		FE87722D282A830D006111CB /* Assets.xcassets */ = {isa = PBXFileReference; lastKnownFileType = folder.assetcatalog; path = Assets.xcassets; sourceTree = "<group>"; };
		FE877232282A830D006111CB /* Info.plist */ = {isa = PBXFileReference; lastKnownFileType = text.plist.xml; name = Info.plist; path = YouTubeAPI/Resources/Input/Info.plist; sourceTree = SOURCE_ROOT; };
		FE87723F282A943B006111CB /* swiftgen.yml */ = {isa = PBXFileReference; lastKnownFileType = text.yaml; path = swiftgen.yml; sourceTree = "<group>"; };
		FE877255282AA1B1006111CB /* strings.swift */ = {isa = PBXFileReference; fileEncoding = 4; lastKnownFileType = sourcecode.swift; path = strings.swift; sourceTree = "<group>"; };
		FE87725A282AA382006111CB /* assets.swift */ = {isa = PBXFileReference; fileEncoding = 4; lastKnownFileType = sourcecode.swift; path = assets.swift; sourceTree = "<group>"; };
		FE87725C282AA4F6006111CB /* YouTubeAPI.swift */ = {isa = PBXFileReference; fileEncoding = 4; lastKnownFileType = sourcecode.swift; path = YouTubeAPI.swift; sourceTree = "<group>"; };
		FE8F2251282BD7A600177DA9 /* PlaylistItemsDataWrapper.swift */ = {isa = PBXFileReference; lastKnownFileType = sourcecode.swift; path = PlaylistItemsDataWrapper.swift; sourceTree = "<group>"; };
		FE8F2253282BE25B00177DA9 /* VideoDataWrapper.swift */ = {isa = PBXFileReference; lastKnownFileType = sourcecode.swift; path = VideoDataWrapper.swift; sourceTree = "<group>"; };
		FEA6DEF4282AAC3D00F67D61 /* YouTubeService.swift */ = {isa = PBXFileReference; lastKnownFileType = sourcecode.swift; path = YouTubeService.swift; sourceTree = "<group>"; };
		FEA6DEFB282AAFE800F67D61 /* Base */ = {isa = PBXFileReference; lastKnownFileType = text.plist.strings; name = Base; path = YouTubeAPI/Base.lproj/Localizable.strings; sourceTree = SOURCE_ROOT; };
		FEA6DF01282AB06C00F67D61 /* Base */ = {isa = PBXFileReference; lastKnownFileType = file.storyboard; name = Base; path = YouTubeAPI/Base.lproj/LaunchScreen.storyboard; sourceTree = SOURCE_ROOT; };
		FEA6DF06282AB2BE00F67D61 /* ChannelsDataWrapper.swift */ = {isa = PBXFileReference; lastKnownFileType = sourcecode.swift; path = ChannelsDataWrapper.swift; sourceTree = "<group>"; };
		FEA6DF0A282AB5B800F67D61 /* YouTubeViewModel.swift */ = {isa = PBXFileReference; lastKnownFileType = sourcecode.swift; path = YouTubeViewModel.swift; sourceTree = "<group>"; };
		FECBED3F282C291200B57DDA /* SFProDisplay-Bold.ttf */ = {isa = PBXFileReference; lastKnownFileType = file; path = "SFProDisplay-Bold.ttf"; sourceTree = "<group>"; };
		FECBED40282C291200B57DDA /* SFProText-Semibold.ttf */ = {isa = PBXFileReference; lastKnownFileType = file; path = "SFProText-Semibold.ttf"; sourceTree = "<group>"; };
		FECBED41282C291200B57DDA /* SFProText-Medium.ttf */ = {isa = PBXFileReference; lastKnownFileType = file; path = "SFProText-Medium.ttf"; sourceTree = "<group>"; };
		FECBED42282C291200B57DDA /* SFProText-Regular.ttf */ = {isa = PBXFileReference; lastKnownFileType = file; path = "SFProText-Regular.ttf"; sourceTree = "<group>"; };
		FECBED47282C2BA800B57DDA /* fonts.swift */ = {isa = PBXFileReference; fileEncoding = 4; lastKnownFileType = sourcecode.swift; path = fonts.swift; sourceTree = "<group>"; };
		FECBED49282C2E7100B57DDA /* YouTubeMainViewUIFactoryAssembly.swift */ = {isa = PBXFileReference; lastKnownFileType = sourcecode.swift; path = YouTubeMainViewUIFactoryAssembly.swift; sourceTree = "<group>"; };
/* End PBXFileReference section */

/* Begin PBXFrameworksBuildPhase section */
		FE87721E282A830A006111CB /* Frameworks */ = {
			isa = PBXFrameworksBuildPhase;
			buildActionMask = 2147483647;
			files = (
				5BF0F2F3D20EA0FC05049BF3 /* Pods_YouTubeAPI.framework in Frameworks */,
			);
			runOnlyForDeploymentPostprocessing = 0;
		};
/* End PBXFrameworksBuildPhase section */

/* Begin PBXGroup section */
		09BC7DE499D15402B8420F26 /* Pods */ = {
			isa = PBXGroup;
			children = (
				12F4350629388D1AA9B1801B /* Pods-YouTubeAPI.debug.xcconfig */,
				695CF9646D690B596BB37388 /* Pods-YouTubeAPI.release.xcconfig */,
			);
			path = Pods;
			sourceTree = "<group>";
		};
		60AF65A7B50195711D247FD8 /* Frameworks */ = {
			isa = PBXGroup;
			children = (
				499B1296A476B58B4EF4ED99 /* Pods_YouTubeAPI.framework */,
			);
			name = Frameworks;
			sourceTree = "<group>";
		};
		FE1F31DD282C122D006F1360 /* UIFactory */ = {
			isa = PBXGroup;
			children = (
				FE1F31DE282C1241006F1360 /* UIFactory.swift */,
			);
			path = UIFactory;
			sourceTree = "<group>";
		};
		FE491B01282B909900738677 /* YouTubeService */ = {
			isa = PBXGroup;
			children = (
				FEA6DEF4282AAC3D00F67D61 /* YouTubeService.swift */,
			);
			path = YouTubeService;
			sourceTree = "<group>";
		};
		FE491B02282B90A900738677 /* Assembler */ = {
			isa = PBXGroup;
			children = (
				FE491B06282B914C00738677 /* Assembly */,
			);
			path = Assembler;
			sourceTree = "<group>";
		};
		FE491B03282B90D900738677 /* Managers */ = {
			isa = PBXGroup;
			children = (
				FE1F31DD282C122D006F1360 /* UIFactory */,
				FE491B02282B90A900738677 /* Assembler */,
				FE491B04282B912100738677 /* SwinjectManager.swift */,
			);
			path = Managers;
			sourceTree = "<group>";
		};
		FE491B06282B914C00738677 /* Assembly */ = {
			isa = PBXGroup;
			children = (
				FE491B07282B917100738677 /* YouTubeViewModelAssembly.swift */,
				FE491B09282B91B300738677 /* YouTubeViewControllerAssembly.swift */,
				FE491B0C282B91EC00738677 /* YouTubeServiseAssembly.swift */,
				FE1F31E2282C1D41006F1360 /* YouTubeMainViewAssembly.swift */,
				FECBED49282C2E7100B57DDA /* YouTubeMainViewUIFactoryAssembly.swift */,
			);
			path = Assembly;
			sourceTree = "<group>";
		};
		FE776C06282D055600F37DBF /* Extensions */ = {
			isa = PBXGroup;
			children = (
				FE776C08282D056100F37DBF /* Foundation */,
				FE776C07282D055B00F37DBF /* UIKit */,
			);
			path = Extensions;
			sourceTree = "<group>";
		};
		FE776C07282D055B00F37DBF /* UIKit */ = {
			isa = PBXGroup;
			children = (
				FE776C09282D057F00F37DBF /* UIFont+CustomFonts.swift */,
			);
			path = UIKit;
			sourceTree = "<group>";
		};
		FE776C08282D056100F37DBF /* Foundation */ = {
			isa = PBXGroup;
			children = (
			);
			path = Foundation;
			sourceTree = "<group>";
		};
		FE877218282A830A006111CB = {
			isa = PBXGroup;
			children = (
				FE87723F282A943B006111CB /* swiftgen.yml */,
				FE877223282A830A006111CB /* YouTubeAPI */,
				FE877222282A830A006111CB /* Products */,
				09BC7DE499D15402B8420F26 /* Pods */,
				60AF65A7B50195711D247FD8 /* Frameworks */,
			);
			sourceTree = "<group>";
		};
		FE877222282A830A006111CB /* Products */ = {
			isa = PBXGroup;
			children = (
				FE877221282A830A006111CB /* YouTubeAPI.app */,
			);
			name = Products;
			sourceTree = "<group>";
		};
		FE877223282A830A006111CB /* YouTubeAPI */ = {
			isa = PBXGroup;
			children = (
				FE776C06282D055600F37DBF /* Extensions */,
				FE491B03282B90D900738677 /* Managers */,
				FE877239282A84BE006111CB /* Modules */,
				FE877238282A84A2006111CB /* Resources */,
				FE87723A282A84C5006111CB /* Services */,
				FE87723B282A84E5006111CB /* Supportig Files */,
			);
			path = YouTubeAPI;
			sourceTree = "<group>";
		};
		FE877238282A84A2006111CB /* Resources */ = {
			isa = PBXGroup;
			children = (
				FEA6DEF9282AAD8C00F67D61 /* Input */,
				FE877242282A9568006111CB /* Generated */,
			);
			path = Resources;
			sourceTree = "<group>";
		};
		FE877239282A84BE006111CB /* Modules */ = {
			isa = PBXGroup;
			children = (
				FEA6DEF6282AAC8600F67D61 /* Home */,
				FEA6DEF7282AAC8C00F67D61 /* Player */,
			);
			path = Modules;
			sourceTree = "<group>";
		};
		FE87723A282A84C5006111CB /* Services */ = {
			isa = PBXGroup;
			children = (
				FEA6DEF8282AACA500F67D61 /* API */,
				FE491B01282B909900738677 /* YouTubeService */,
			);
			path = Services;
			sourceTree = "<group>";
		};
		FE87723B282A84E5006111CB /* Supportig Files */ = {
			isa = PBXGroup;
			children = (
				FE877224282A830A006111CB /* AppDelegate.swift */,
				FE877226282A830A006111CB /* SceneDelegate.swift */,
			);
			path = "Supportig Files";
			sourceTree = "<group>";
		};
		FE87723C282A84F8006111CB /* Storyboards */ = {
			isa = PBXGroup;
			children = (
				FEA6DF00282AB06C00F67D61 /* LaunchScreen.storyboard */,
			);
			path = Storyboards;
			sourceTree = "<group>";
		};
		FE877242282A9568006111CB /* Generated */ = {
			isa = PBXGroup;
			children = (
				FE87725A282AA382006111CB /* assets.swift */,
				FECBED47282C2BA800B57DDA /* fonts.swift */,
				FE877255282AA1B1006111CB /* strings.swift */,
			);
			path = Generated;
			sourceTree = "<group>";
		};
		FEA6DEF6282AAC8600F67D61 /* Home */ = {
			isa = PBXGroup;
			children = (
				FEA6DF04282AB28400F67D61 /* View */,
				FEA6DF05282AB28800F67D61 /* ViewModel */,
				FEA6DF03282AB27E00F67D61 /* Model */,
			);
			path = Home;
			sourceTree = "<group>";
		};
		FEA6DEF7282AAC8C00F67D61 /* Player */ = {
			isa = PBXGroup;
			children = (
			);
			path = Player;
			sourceTree = "<group>";
		};
		FEA6DEF8282AACA500F67D61 /* API */ = {
			isa = PBXGroup;
			children = (
				FE87725C282AA4F6006111CB /* YouTubeAPI.swift */,
			);
			path = API;
			sourceTree = "<group>";
		};
		FEA6DEF9282AAD8C00F67D61 /* Input */ = {
			isa = PBXGroup;
			children = (
				FECBED3E282C289500B57DDA /* Fonts */,
				FE87722D282A830D006111CB /* Assets.xcassets */,
				FE877232282A830D006111CB /* Info.plist */,
				FEA6DEFA282AAFE800F67D61 /* Localizable.strings */,
			);
			path = Input;
			sourceTree = "<group>";
		};
		FEA6DF03282AB27E00F67D61 /* Model */ = {
			isa = PBXGroup;
			children = (
				FEA6DF06282AB2BE00F67D61 /* ChannelsDataWrapper.swift */,
				FE491B0E282BA53A00738677 /* PlaylistDataWrapper.swift */,
				FE8F2251282BD7A600177DA9 /* PlaylistItemsDataWrapper.swift */,
				FE8F2253282BE25B00177DA9 /* VideoDataWrapper.swift */,
			);
			path = Model;
			sourceTree = "<group>";
		};
		FEA6DF04282AB28400F67D61 /* View */ = {
			isa = PBXGroup;
			children = (
				FE87723C282A84F8006111CB /* Storyboards */,
				FE877228282A830A006111CB /* YouTubeViewController.swift */,
				FE1F31E0282C1A0C006F1360 /* MainView.swift */,
			);
			path = View;
			sourceTree = "<group>";
		};
		FEA6DF05282AB28800F67D61 /* ViewModel */ = {
			isa = PBXGroup;
			children = (
				FEA6DF0A282AB5B800F67D61 /* YouTubeViewModel.swift */,
			);
			path = ViewModel;
			sourceTree = "<group>";
		};
		FECBED3E282C289500B57DDA /* Fonts */ = {
			isa = PBXGroup;
			children = (
				FECBED3F282C291200B57DDA /* SFProDisplay-Bold.ttf */,
				FECBED41282C291200B57DDA /* SFProText-Medium.ttf */,
				FECBED42282C291200B57DDA /* SFProText-Regular.ttf */,
				FECBED40282C291200B57DDA /* SFProText-Semibold.ttf */,
			);
			path = Fonts;
			sourceTree = "<group>";
		};
/* End PBXGroup section */

/* Begin PBXNativeTarget section */
		FE877220282A830A006111CB /* YouTubeAPI */ = {
			isa = PBXNativeTarget;
			buildConfigurationList = FE877235282A830D006111CB /* Build configuration list for PBXNativeTarget "YouTubeAPI" */;
			buildPhases = (
				CB58331EDFB82D6723822877 /* [CP] Check Pods Manifest.lock */,
				FE877251282A9E2D006111CB /* SwiftGen */,
				FE87721D282A830A006111CB /* Sources */,
				FE87721E282A830A006111CB /* Frameworks */,
				FE87721F282A830A006111CB /* Resources */,
				A6E63B74364DDC8F13F954B1 /* [CP] Embed Pods Frameworks */,
			);
			buildRules = (
			);
			dependencies = (
			);
			name = YouTubeAPI;
			productName = YouTubeAPI;
			productReference = FE877221282A830A006111CB /* YouTubeAPI.app */;
			productType = "com.apple.product-type.application";
		};
/* End PBXNativeTarget section */

/* Begin PBXProject section */
		FE877219282A830A006111CB /* Project object */ = {
			isa = PBXProject;
			attributes = {
				BuildIndependentTargetsInParallel = 1;
				LastSwiftUpdateCheck = 1320;
				LastUpgradeCheck = 1320;
				TargetAttributes = {
					FE877220282A830A006111CB = {
						CreatedOnToolsVersion = 13.2.1;
					};
				};
			};
			buildConfigurationList = FE87721C282A830A006111CB /* Build configuration list for PBXProject "YouTubeAPI" */;
			compatibilityVersion = "Xcode 13.0";
			developmentRegion = en;
			hasScannedForEncodings = 0;
			knownRegions = (
				en,
				Base,
			);
			mainGroup = FE877218282A830A006111CB;
			productRefGroup = FE877222282A830A006111CB /* Products */;
			projectDirPath = "";
			projectRoot = "";
			targets = (
				FE877220282A830A006111CB /* YouTubeAPI */,
			);
		};
/* End PBXProject section */

/* Begin PBXResourcesBuildPhase section */
		FE87721F282A830A006111CB /* Resources */ = {
			isa = PBXResourcesBuildPhase;
			buildActionMask = 2147483647;
			files = (
				FEA6DF02282AB06C00F67D61 /* LaunchScreen.storyboard in Resources */,
				FECBED45282C291200B57DDA /* SFProText-Medium.ttf in Resources */,
				FEA6DEFC282AAFE800F67D61 /* Localizable.strings in Resources */,
				FECBED43282C291200B57DDA /* SFProDisplay-Bold.ttf in Resources */,
				FE877252282A9F10006111CB /* swiftgen.yml in Resources */,
				FE87722E282A830D006111CB /* Assets.xcassets in Resources */,
				FECBED44282C291200B57DDA /* SFProText-Semibold.ttf in Resources */,
				FECBED46282C291200B57DDA /* SFProText-Regular.ttf in Resources */,
			);
			runOnlyForDeploymentPostprocessing = 0;
		};
/* End PBXResourcesBuildPhase section */

/* Begin PBXShellScriptBuildPhase section */
		A6E63B74364DDC8F13F954B1 /* [CP] Embed Pods Frameworks */ = {
			isa = PBXShellScriptBuildPhase;
			buildActionMask = 2147483647;
			files = (
			);
			inputFileListPaths = (
				"${PODS_ROOT}/Target Support Files/Pods-YouTubeAPI/Pods-YouTubeAPI-frameworks-${CONFIGURATION}-input-files.xcfilelist",
			);
			name = "[CP] Embed Pods Frameworks";
			outputFileListPaths = (
				"${PODS_ROOT}/Target Support Files/Pods-YouTubeAPI/Pods-YouTubeAPI-frameworks-${CONFIGURATION}-output-files.xcfilelist",
			);
			runOnlyForDeploymentPostprocessing = 0;
			shellPath = /bin/sh;
			shellScript = "\"${PODS_ROOT}/Target Support Files/Pods-YouTubeAPI/Pods-YouTubeAPI-frameworks.sh\"\n";
			showEnvVarsInLog = 0;
		};
		CB58331EDFB82D6723822877 /* [CP] Check Pods Manifest.lock */ = {
			isa = PBXShellScriptBuildPhase;
			buildActionMask = 2147483647;
			files = (
			);
			inputFileListPaths = (
			);
			inputPaths = (
				"${PODS_PODFILE_DIR_PATH}/Podfile.lock",
				"${PODS_ROOT}/Manifest.lock",
			);
			name = "[CP] Check Pods Manifest.lock";
			outputFileListPaths = (
			);
			outputPaths = (
				"$(DERIVED_FILE_DIR)/Pods-YouTubeAPI-checkManifestLockResult.txt",
			);
			runOnlyForDeploymentPostprocessing = 0;
			shellPath = /bin/sh;
			shellScript = "diff \"${PODS_PODFILE_DIR_PATH}/Podfile.lock\" \"${PODS_ROOT}/Manifest.lock\" > /dev/null\nif [ $? != 0 ] ; then\n    # print error to STDERR\n    echo \"error: The sandbox is not in sync with the Podfile.lock. Run 'pod install' or update your CocoaPods installation.\" >&2\n    exit 1\nfi\n# This output is used by Xcode 'outputs' to avoid re-running this script phase.\necho \"SUCCESS\" > \"${SCRIPT_OUTPUT_FILE_0}\"\n";
			showEnvVarsInLog = 0;
		};
		FE877251282A9E2D006111CB /* SwiftGen */ = {
			isa = PBXShellScriptBuildPhase;
			buildActionMask = 2147483647;
			files = (
			);
			inputFileListPaths = (
			);
			inputPaths = (
			);
			name = SwiftGen;
			outputFileListPaths = (
			);
			outputPaths = (
			);
			runOnlyForDeploymentPostprocessing = 0;
			shellPath = /bin/sh;
			shellScript = "if [[ -f \"${PODS_ROOT}/SwiftGen/bin/swiftgen\" ]]; then\n  \"${PODS_ROOT}/SwiftGen/bin/swiftgen\"\nelse\n  echo \"warning: SwiftGen is not installed. Run 'pod install --repo-update' to install it.\"\nfi\n";
		};
/* End PBXShellScriptBuildPhase section */

/* Begin PBXSourcesBuildPhase section */
		FE87721D282A830A006111CB /* Sources */ = {
			isa = PBXSourcesBuildPhase;
			buildActionMask = 2147483647;
			files = (
				FECBED48282C2BA800B57DDA /* fonts.swift in Sources */,
				FE877229282A830A006111CB /* YouTubeViewController.swift in Sources */,
				FE1F31E3282C1D41006F1360 /* YouTubeMainViewAssembly.swift in Sources */,
				FE1F31E1282C1A0C006F1360 /* MainView.swift in Sources */,
				FE877225282A830A006111CB /* AppDelegate.swift in Sources */,
				FE877256282AA1B1006111CB /* strings.swift in Sources */,
				FE8F2254282BE25B00177DA9 /* VideoDataWrapper.swift in Sources */,
				FEA6DF07282AB2BE00F67D61 /* ChannelsDataWrapper.swift in Sources */,
				FECBED4A282C2E7100B57DDA /* YouTubeMainViewUIFactoryAssembly.swift in Sources */,
				FE491B08282B917100738677 /* YouTubeViewModelAssembly.swift in Sources */,
				FE491B0F282BA53A00738677 /* PlaylistDataWrapper.swift in Sources */,
				FEA6DEF5282AAC3D00F67D61 /* YouTubeService.swift in Sources */,
				FE491B0A282B91B300738677 /* YouTubeViewControllerAssembly.swift in Sources */,
				FE491B0D282B91EC00738677 /* YouTubeServiseAssembly.swift in Sources */,
				FE87725D282AA4F6006111CB /* YouTubeAPI.swift in Sources */,
				FE1F31DF282C1241006F1360 /* UIFactory.swift in Sources */,
				FE491B05282B912100738677 /* SwinjectManager.swift in Sources */,
				FE877227282A830A006111CB /* SceneDelegate.swift in Sources */,
				FE776C0A282D057F00F37DBF /* UIFont+CustomFonts.swift in Sources */,
				FE87725B282AA382006111CB /* assets.swift in Sources */,
				FE8F2252282BD7A600177DA9 /* PlaylistItemsDataWrapper.swift in Sources */,
				FEA6DF0B282AB5B800F67D61 /* YouTubeViewModel.swift in Sources */,
			);
			runOnlyForDeploymentPostprocessing = 0;
		};
/* End PBXSourcesBuildPhase section */

/* Begin PBXVariantGroup section */
		FEA6DEFA282AAFE800F67D61 /* Localizable.strings */ = {
			isa = PBXVariantGroup;
			children = (
				FEA6DEFB282AAFE800F67D61 /* Base */,
			);
			name = Localizable.strings;
			sourceTree = "<group>";
		};
		FEA6DF00282AB06C00F67D61 /* LaunchScreen.storyboard */ = {
			isa = PBXVariantGroup;
			children = (
				FEA6DF01282AB06C00F67D61 /* Base */,
			);
			name = LaunchScreen.storyboard;
			sourceTree = "<group>";
		};
/* End PBXVariantGroup section */

/* Begin XCBuildConfiguration section */
		FE877233282A830D006111CB /* Debug */ = {
			isa = XCBuildConfiguration;
			buildSettings = {
				ALWAYS_SEARCH_USER_PATHS = NO;
				CLANG_ANALYZER_NONNULL = YES;
				CLANG_ANALYZER_NUMBER_OBJECT_CONVERSION = YES_AGGRESSIVE;
				CLANG_CXX_LANGUAGE_STANDARD = "gnu++17";
				CLANG_CXX_LIBRARY = "libc++";
				CLANG_ENABLE_MODULES = YES;
				CLANG_ENABLE_OBJC_ARC = YES;
				CLANG_ENABLE_OBJC_WEAK = YES;
				CLANG_WARN_BLOCK_CAPTURE_AUTORELEASING = YES;
				CLANG_WARN_BOOL_CONVERSION = YES;
				CLANG_WARN_COMMA = YES;
				CLANG_WARN_CONSTANT_CONVERSION = YES;
				CLANG_WARN_DEPRECATED_OBJC_IMPLEMENTATIONS = YES;
				CLANG_WARN_DIRECT_OBJC_ISA_USAGE = YES_ERROR;
				CLANG_WARN_DOCUMENTATION_COMMENTS = YES;
				CLANG_WARN_EMPTY_BODY = YES;
				CLANG_WARN_ENUM_CONVERSION = YES;
				CLANG_WARN_INFINITE_RECURSION = YES;
				CLANG_WARN_INT_CONVERSION = YES;
				CLANG_WARN_NON_LITERAL_NULL_CONVERSION = YES;
				CLANG_WARN_OBJC_IMPLICIT_RETAIN_SELF = YES;
				CLANG_WARN_OBJC_LITERAL_CONVERSION = YES;
				CLANG_WARN_OBJC_ROOT_CLASS = YES_ERROR;
				CLANG_WARN_QUOTED_INCLUDE_IN_FRAMEWORK_HEADER = YES;
				CLANG_WARN_RANGE_LOOP_ANALYSIS = YES;
				CLANG_WARN_STRICT_PROTOTYPES = YES;
				CLANG_WARN_SUSPICIOUS_MOVE = YES;
				CLANG_WARN_UNGUARDED_AVAILABILITY = YES_AGGRESSIVE;
				CLANG_WARN_UNREACHABLE_CODE = YES;
				CLANG_WARN__DUPLICATE_METHOD_MATCH = YES;
				COPY_PHASE_STRIP = NO;
				DEBUG_INFORMATION_FORMAT = dwarf;
				ENABLE_STRICT_OBJC_MSGSEND = YES;
				ENABLE_TESTABILITY = YES;
				GCC_C_LANGUAGE_STANDARD = gnu11;
				GCC_DYNAMIC_NO_PIC = NO;
				GCC_NO_COMMON_BLOCKS = YES;
				GCC_OPTIMIZATION_LEVEL = 0;
				GCC_PREPROCESSOR_DEFINITIONS = (
					"DEBUG=1",
					"$(inherited)",
				);
				GCC_WARN_64_TO_32_BIT_CONVERSION = YES;
				GCC_WARN_ABOUT_RETURN_TYPE = YES_ERROR;
				GCC_WARN_UNDECLARED_SELECTOR = YES;
				GCC_WARN_UNINITIALIZED_AUTOS = YES_AGGRESSIVE;
				GCC_WARN_UNUSED_FUNCTION = YES;
				GCC_WARN_UNUSED_VARIABLE = YES;
				IPHONEOS_DEPLOYMENT_TARGET = 15.2;
				MTL_ENABLE_DEBUG_INFO = INCLUDE_SOURCE;
				MTL_FAST_MATH = YES;
				ONLY_ACTIVE_ARCH = YES;
				SDKROOT = iphoneos;
				SWIFT_ACTIVE_COMPILATION_CONDITIONS = DEBUG;
				SWIFT_OPTIMIZATION_LEVEL = "-Onone";
			};
			name = Debug;
		};
		FE877234282A830D006111CB /* Release */ = {
			isa = XCBuildConfiguration;
			buildSettings = {
				ALWAYS_SEARCH_USER_PATHS = NO;
				CLANG_ANALYZER_NONNULL = YES;
				CLANG_ANALYZER_NUMBER_OBJECT_CONVERSION = YES_AGGRESSIVE;
				CLANG_CXX_LANGUAGE_STANDARD = "gnu++17";
				CLANG_CXX_LIBRARY = "libc++";
				CLANG_ENABLE_MODULES = YES;
				CLANG_ENABLE_OBJC_ARC = YES;
				CLANG_ENABLE_OBJC_WEAK = YES;
				CLANG_WARN_BLOCK_CAPTURE_AUTORELEASING = YES;
				CLANG_WARN_BOOL_CONVERSION = YES;
				CLANG_WARN_COMMA = YES;
				CLANG_WARN_CONSTANT_CONVERSION = YES;
				CLANG_WARN_DEPRECATED_OBJC_IMPLEMENTATIONS = YES;
				CLANG_WARN_DIRECT_OBJC_ISA_USAGE = YES_ERROR;
				CLANG_WARN_DOCUMENTATION_COMMENTS = YES;
				CLANG_WARN_EMPTY_BODY = YES;
				CLANG_WARN_ENUM_CONVERSION = YES;
				CLANG_WARN_INFINITE_RECURSION = YES;
				CLANG_WARN_INT_CONVERSION = YES;
				CLANG_WARN_NON_LITERAL_NULL_CONVERSION = YES;
				CLANG_WARN_OBJC_IMPLICIT_RETAIN_SELF = YES;
				CLANG_WARN_OBJC_LITERAL_CONVERSION = YES;
				CLANG_WARN_OBJC_ROOT_CLASS = YES_ERROR;
				CLANG_WARN_QUOTED_INCLUDE_IN_FRAMEWORK_HEADER = YES;
				CLANG_WARN_RANGE_LOOP_ANALYSIS = YES;
				CLANG_WARN_STRICT_PROTOTYPES = YES;
				CLANG_WARN_SUSPICIOUS_MOVE = YES;
				CLANG_WARN_UNGUARDED_AVAILABILITY = YES_AGGRESSIVE;
				CLANG_WARN_UNREACHABLE_CODE = YES;
				CLANG_WARN__DUPLICATE_METHOD_MATCH = YES;
				COPY_PHASE_STRIP = NO;
				DEBUG_INFORMATION_FORMAT = "dwarf-with-dsym";
				ENABLE_NS_ASSERTIONS = NO;
				ENABLE_STRICT_OBJC_MSGSEND = YES;
				GCC_C_LANGUAGE_STANDARD = gnu11;
				GCC_NO_COMMON_BLOCKS = YES;
				GCC_WARN_64_TO_32_BIT_CONVERSION = YES;
				GCC_WARN_ABOUT_RETURN_TYPE = YES_ERROR;
				GCC_WARN_UNDECLARED_SELECTOR = YES;
				GCC_WARN_UNINITIALIZED_AUTOS = YES_AGGRESSIVE;
				GCC_WARN_UNUSED_FUNCTION = YES;
				GCC_WARN_UNUSED_VARIABLE = YES;
				IPHONEOS_DEPLOYMENT_TARGET = 15.2;
				MTL_ENABLE_DEBUG_INFO = NO;
				MTL_FAST_MATH = YES;
				SDKROOT = iphoneos;
				SWIFT_COMPILATION_MODE = wholemodule;
				SWIFT_OPTIMIZATION_LEVEL = "-O";
				VALIDATE_PRODUCT = YES;
			};
			name = Release;
		};
		FE877236282A830D006111CB /* Debug */ = {
			isa = XCBuildConfiguration;
			baseConfigurationReference = 12F4350629388D1AA9B1801B /* Pods-YouTubeAPI.debug.xcconfig */;
			buildSettings = {
				ASSETCATALOG_COMPILER_APPICON_NAME = AppIcon;
				ASSETCATALOG_COMPILER_GLOBAL_ACCENT_COLOR_NAME = AccentColor;
				CODE_SIGN_STYLE = Automatic;
				CURRENT_PROJECT_VERSION = 1;
				DEVELOPMENT_TEAM = 45JNFF5WM9;
				GENERATE_INFOPLIST_FILE = YES;
				INFOPLIST_FILE = YouTubeAPI/Resources/Input/Info.plist;
				INFOPLIST_KEY_UIApplicationSupportsIndirectInputEvents = YES;
				INFOPLIST_KEY_UILaunchStoryboardName = LaunchScreen;
				INFOPLIST_KEY_UISupportedInterfaceOrientations_iPad = "UIInterfaceOrientationPortrait UIInterfaceOrientationPortraitUpsideDown UIInterfaceOrientationLandscapeLeft UIInterfaceOrientationLandscapeRight";
				INFOPLIST_KEY_UISupportedInterfaceOrientations_iPhone = "UIInterfaceOrientationPortrait UIInterfaceOrientationLandscapeLeft UIInterfaceOrientationLandscapeRight";
				LD_RUNPATH_SEARCH_PATHS = (
					"$(inherited)",
					"@executable_path/Frameworks",
				);
				MARKETING_VERSION = 1.0;
				PRODUCT_BUNDLE_IDENTIFIER = myOrg.YouTubeAPI;
				PRODUCT_NAME = "$(TARGET_NAME)";
				SWIFT_EMIT_LOC_STRINGS = YES;
				SWIFT_VERSION = 5.0;
				TARGETED_DEVICE_FAMILY = "1,2";
			};
			name = Debug;
		};
		FE877237282A830D006111CB /* Release */ = {
			isa = XCBuildConfiguration;
			baseConfigurationReference = 695CF9646D690B596BB37388 /* Pods-YouTubeAPI.release.xcconfig */;
			buildSettings = {
				ASSETCATALOG_COMPILER_APPICON_NAME = AppIcon;
				ASSETCATALOG_COMPILER_GLOBAL_ACCENT_COLOR_NAME = AccentColor;
				CODE_SIGN_STYLE = Automatic;
				CURRENT_PROJECT_VERSION = 1;
				DEVELOPMENT_TEAM = 45JNFF5WM9;
				GENERATE_INFOPLIST_FILE = YES;
				INFOPLIST_FILE = YouTubeAPI/Resources/Input/Info.plist;
				INFOPLIST_KEY_UIApplicationSupportsIndirectInputEvents = YES;
				INFOPLIST_KEY_UILaunchStoryboardName = LaunchScreen;
				INFOPLIST_KEY_UISupportedInterfaceOrientations_iPad = "UIInterfaceOrientationPortrait UIInterfaceOrientationPortraitUpsideDown UIInterfaceOrientationLandscapeLeft UIInterfaceOrientationLandscapeRight";
				INFOPLIST_KEY_UISupportedInterfaceOrientations_iPhone = "UIInterfaceOrientationPortrait UIInterfaceOrientationLandscapeLeft UIInterfaceOrientationLandscapeRight";
				LD_RUNPATH_SEARCH_PATHS = (
					"$(inherited)",
					"@executable_path/Frameworks",
				);
				MARKETING_VERSION = 1.0;
				PRODUCT_BUNDLE_IDENTIFIER = myOrg.YouTubeAPI;
				PRODUCT_NAME = "$(TARGET_NAME)";
				SWIFT_EMIT_LOC_STRINGS = YES;
				SWIFT_VERSION = 5.0;
				TARGETED_DEVICE_FAMILY = "1,2";
			};
			name = Release;
		};
/* End XCBuildConfiguration section */

/* Begin XCConfigurationList section */
		FE87721C282A830A006111CB /* Build configuration list for PBXProject "YouTubeAPI" */ = {
			isa = XCConfigurationList;
			buildConfigurations = (
				FE877233282A830D006111CB /* Debug */,
				FE877234282A830D006111CB /* Release */,
			);
			defaultConfigurationIsVisible = 0;
			defaultConfigurationName = Release;
		};
		FE877235282A830D006111CB /* Build configuration list for PBXNativeTarget "YouTubeAPI" */ = {
			isa = XCConfigurationList;
			buildConfigurations = (
				FE877236282A830D006111CB /* Debug */,
				FE877237282A830D006111CB /* Release */,
			);
			defaultConfigurationIsVisible = 0;
			defaultConfigurationName = Release;
		};
/* End XCConfigurationList section */
	};
	rootObject = FE877219282A830A006111CB /* Project object */;
}
